
Microsoft Visual Studio Solution File, Format Version 12.00
Project("{FAE04EC0-301F-11D3-BF4B-00C04F79EFBC}") = "Shapes", "Shapes\Shapes.csproj", "{8996B6E4-CA9A-481D-A5AA-06C41E287A97}"
EndProject
Project("{FAE04EC0-301F-11D3-BF4B-00C04F79EFBC}") = "Shapes.Tests", "Shapes.Tests\Shapes.Tests.csproj", "{36BA5CA9-44D1-47B1-9FEF-F76A7464D688}"
EndProject
Global
	GlobalSection(SolutionConfigurationPlatforms) = preSolution
		Debug|Any CPU = Debug|Any CPU
		Release|Any CPU = Release|Any CPU
	EndGlobalSection
	GlobalSection(ProjectConfigurationPlatforms) = postSolution
		{8996B6E4-CA9A-481D-A5AA-06C41E287A97}.Debug|Any CPU.ActiveCfg = Debug|Any CPU
		{8996B6E4-CA9A-481D-A5AA-06C41E287A97}.Debug|Any CPU.Build.0 = Debug|Any CPU
		{8996B6E4-CA9A-481D-A5AA-06C41E287A97}.Release|Any CPU.ActiveCfg = Release|Any CPU
		{8996B6E4-CA9A-481D-A5AA-06C41E287A97}.Release|Any CPU.Build.0 = Release|Any CPU
		{36BA5CA9-44D1-47B1-9FEF-F76A7464D688}.Debug|Any CPU.ActiveCfg = Debug|Any CPU
		{36BA5CA9-44D1-47B1-9FEF-F76A7464D688}.Debug|Any CPU.Build.0 = Debug|Any CPU
		{36BA5CA9-44D1-47B1-9FEF-F76A7464D688}.Release|Any CPU.ActiveCfg = Release|Any CPU
		{36BA5CA9-44D1-47B1-9FEF-F76A7464D688}.Release|Any CPU.Build.0 = Release|Any CPU
	EndGlobalSection
EndGlobal
